
Microsoft Visual Studio Solution File, Format Version 12.00
# Visual Studio Version 16
VisualStudioVersion = 16.0.30413.136
MinimumVisualStudioVersion = 10.0.40219.1
Project("{FAE04EC0-301F-11D3-BF4B-00C04F79EFBC}") = "2nd", "2nd\2nd.csproj", "{4A23883B-14E9-4C1B-A52E-8F6C434375A2}"
EndProject
Global
	GlobalSection(SolutionConfigurationPlatforms) = preSolution
		Debug|Any CPU = Debug|Any CPU
		Release|Any CPU = Release|Any CPU
	EndGlobalSection
	GlobalSection(ProjectConfigurationPlatforms) = postSolution
		{4A23883B-14E9-4C1B-A52E-8F6C434375A2}.Debug|Any CPU.ActiveCfg = Debug|Any CPU
		{4A23883B-14E9-4C1B-A52E-8F6C434375A2}.Debug|Any CPU.Build.0 = Debug|Any CPU
		{4A23883B-14E9-4C1B-A52E-8F6C434375A2}.Release|Any CPU.ActiveCfg = Release|Any CPU
		{4A23883B-14E9-4C1B-A52E-8F6C434375A2}.Release|Any CPU.Build.0 = Release|Any CPU
	EndGlobalSection
	GlobalSection(SolutionProperties) = preSolution
		HideSolutionNode = FALSE
	EndGlobalSection
	GlobalSection(ExtensibilityGlobals) = postSolution
		SolutionGuid = {75BF6864-BE70-478F-AF63-2015DB976E3C}
	EndGlobalSection
EndGlobal
