
Microsoft Visual Studio Solution File, Format Version 12.00
# Visual Studio Version 16
VisualStudioVersion = 16.0.30413.136
MinimumVisualStudioVersion = 10.0.40219.1
Project("{FAE04EC0-301F-11D3-BF4B-00C04F79EFBC}") = "4s", "4s\4s.csproj", "{CE0D6800-4A48-42EB-9C9B-C9C01E1404EE}"
EndProject
Global
	GlobalSection(SolutionConfigurationPlatforms) = preSolution
		Debug|Any CPU = Debug|Any CPU
		Release|Any CPU = Release|Any CPU
	EndGlobalSection
	GlobalSection(ProjectConfigurationPlatforms) = postSolution
		{CE0D6800-4A48-42EB-9C9B-C9C01E1404EE}.Debug|Any CPU.ActiveCfg = Debug|Any CPU
		{CE0D6800-4A48-42EB-9C9B-C9C01E1404EE}.Debug|Any CPU.Build.0 = Debug|Any CPU
		{CE0D6800-4A48-42EB-9C9B-C9C01E1404EE}.Release|Any CPU.ActiveCfg = Release|Any CPU
		{CE0D6800-4A48-42EB-9C9B-C9C01E1404EE}.Release|Any CPU.Build.0 = Release|Any CPU
	EndGlobalSection
	GlobalSection(SolutionProperties) = preSolution
		HideSolutionNode = FALSE
	EndGlobalSection
	GlobalSection(ExtensibilityGlobals) = postSolution
		SolutionGuid = {FC0F9412-6187-4598-AA68-7605B687A48F}
	EndGlobalSection
EndGlobal
