
Microsoft Visual Studio Solution File, Format Version 12.00
# Visual Studio Version 16
VisualStudioVersion = 16.0.30413.136
MinimumVisualStudioVersion = 10.0.40219.1
Project("{FAE04EC0-301F-11D3-BF4B-00C04F79EFBC}") = "3d", "3d\3d.csproj", "{593E6A0A-FB20-4A6D-8604-23EE5402FABF}"
EndProject
Global
	GlobalSection(SolutionConfigurationPlatforms) = preSolution
		Debug|Any CPU = Debug|Any CPU
		Release|Any CPU = Release|Any CPU
	EndGlobalSection
	GlobalSection(ProjectConfigurationPlatforms) = postSolution
		{593E6A0A-FB20-4A6D-8604-23EE5402FABF}.Debug|Any CPU.ActiveCfg = Debug|Any CPU
		{593E6A0A-FB20-4A6D-8604-23EE5402FABF}.Debug|Any CPU.Build.0 = Debug|Any CPU
		{593E6A0A-FB20-4A6D-8604-23EE5402FABF}.Release|Any CPU.ActiveCfg = Release|Any CPU
		{593E6A0A-FB20-4A6D-8604-23EE5402FABF}.Release|Any CPU.Build.0 = Release|Any CPU
	EndGlobalSection
	GlobalSection(SolutionProperties) = preSolution
		HideSolutionNode = FALSE
	EndGlobalSection
	GlobalSection(ExtensibilityGlobals) = postSolution
		SolutionGuid = {5056ECD8-E5E2-4820-A9F1-460C3D5FB4A2}
	EndGlobalSection
EndGlobal
