
Microsoft Visual Studio Solution File, Format Version 12.00
# Visual Studio Version 16
VisualStudioVersion = 16.0.30413.136
MinimumVisualStudioVersion = 10.0.40219.1
Project("{FAE04EC0-301F-11D3-BF4B-00C04F79EFBC}") = "19s", "19s\19s.csproj", "{721DF528-57DE-479F-9903-B071E1A58EEB}"
EndProject
Global
	GlobalSection(SolutionConfigurationPlatforms) = preSolution
		Debug|Any CPU = Debug|Any CPU
		Release|Any CPU = Release|Any CPU
	EndGlobalSection
	GlobalSection(ProjectConfigurationPlatforms) = postSolution
		{721DF528-57DE-479F-9903-B071E1A58EEB}.Debug|Any CPU.ActiveCfg = Debug|Any CPU
		{721DF528-57DE-479F-9903-B071E1A58EEB}.Debug|Any CPU.Build.0 = Debug|Any CPU
		{721DF528-57DE-479F-9903-B071E1A58EEB}.Release|Any CPU.ActiveCfg = Release|Any CPU
		{721DF528-57DE-479F-9903-B071E1A58EEB}.Release|Any CPU.Build.0 = Release|Any CPU
	EndGlobalSection
	GlobalSection(SolutionProperties) = preSolution
		HideSolutionNode = FALSE
	EndGlobalSection
	GlobalSection(ExtensibilityGlobals) = postSolution
		SolutionGuid = {C112804F-3C35-4B4B-B62D-6415956DBFCE}
	EndGlobalSection
EndGlobal
